
Microsoft Visual Studio Solution File, Format Version 12.00
# Visual Studio Version 16
VisualStudioVersion = 16.0.809.4
MinimumVisualStudioVersion = 10.0.40219.1
Project("{FAE04EC0-301F-11D3-BF4B-00C04F79EFBC}") = "Beemouser", "Beemouser\Beemouser.csproj", "{531E650B-E51E-415A-AB2E-F64CE9ED471A}"
EndProject
Project("{FAE04EC0-301F-11D3-BF4B-00C04F79EFBC}") = "DummyConsoleProject", "DummyConsoleProject\DummyConsoleProject.csproj", "{D96ED28C-6476-4F43-886E-8657033829FE}"
EndProject
Project("{FAE04EC0-301F-11D3-BF4B-00C04F79EFBC}") = "Beemouser.Persistance", "Beemouser.Persistance\Beemouser.Persistance.csproj", "{6400143B-9A52-49C9-993B-A58086009812}"
EndProject
Project("{FAE04EC0-301F-11D3-BF4B-00C04F79EFBC}") = "Beemouser.Domain", "Beemouser.Domain\Beemouser.Domain.csproj", "{CE9029CE-19EB-4E07-BA1F-1C2A8810DDC5}"
EndProject
Global
	GlobalSection(SolutionConfigurationPlatforms) = preSolution
		Debug|Any CPU = Debug|Any CPU
		Release|Any CPU = Release|Any CPU
	EndGlobalSection
	GlobalSection(ProjectConfigurationPlatforms) = postSolution
		{531E650B-E51E-415A-AB2E-F64CE9ED471A}.Debug|Any CPU.ActiveCfg = Debug|Any CPU
		{531E650B-E51E-415A-AB2E-F64CE9ED471A}.Debug|Any CPU.Build.0 = Debug|Any CPU
		{531E650B-E51E-415A-AB2E-F64CE9ED471A}.Release|Any CPU.ActiveCfg = Release|Any CPU
		{531E650B-E51E-415A-AB2E-F64CE9ED471A}.Release|Any CPU.Build.0 = Release|Any CPU
		{D96ED28C-6476-4F43-886E-8657033829FE}.Debug|Any CPU.ActiveCfg = Debug|Any CPU
		{D96ED28C-6476-4F43-886E-8657033829FE}.Debug|Any CPU.Build.0 = Debug|Any CPU
		{D96ED28C-6476-4F43-886E-8657033829FE}.Release|Any CPU.ActiveCfg = Release|Any CPU
		{D96ED28C-6476-4F43-886E-8657033829FE}.Release|Any CPU.Build.0 = Release|Any CPU
		{6400143B-9A52-49C9-993B-A58086009812}.Debug|Any CPU.ActiveCfg = Debug|Any CPU
		{6400143B-9A52-49C9-993B-A58086009812}.Debug|Any CPU.Build.0 = Debug|Any CPU
		{6400143B-9A52-49C9-993B-A58086009812}.Release|Any CPU.ActiveCfg = Release|Any CPU
		{6400143B-9A52-49C9-993B-A58086009812}.Release|Any CPU.Build.0 = Release|Any CPU
		{CE9029CE-19EB-4E07-BA1F-1C2A8810DDC5}.Debug|Any CPU.ActiveCfg = Debug|Any CPU
		{CE9029CE-19EB-4E07-BA1F-1C2A8810DDC5}.Debug|Any CPU.Build.0 = Debug|Any CPU
		{CE9029CE-19EB-4E07-BA1F-1C2A8810DDC5}.Release|Any CPU.ActiveCfg = Release|Any CPU
		{CE9029CE-19EB-4E07-BA1F-1C2A8810DDC5}.Release|Any CPU.Build.0 = Release|Any CPU
	EndGlobalSection
	GlobalSection(SolutionProperties) = preSolution
		HideSolutionNode = FALSE
	EndGlobalSection
	GlobalSection(ExtensibilityGlobals) = postSolution
		SolutionGuid = {735A64E1-4426-4D74-BF7A-DB80B19E5528}
	EndGlobalSection
EndGlobal
